lockfileVersion: 5.4

specifiers:
  '@js-joda/core': ^5.5.3
  '@popperjs/core': ^2.11.8
  animate.css: ^4.1.1
  big.js: ^6.2.1
  bootstrap: ^5.3.0-alpha3
  jquery: ^3.7.0

dependencies:
  '@js-joda/core': 5.5.3
  '@popperjs/core': 2.11.8
  animate.css: 4.1.1
  big.js: 6.2.1
  bootstrap: 5.3.0_@popperjs+core@2.11.8
  jquery: 3.7.0

packages:

  /@js-joda/core/5.5.3:
    resolution: {integrity: sha512-7dqNYwG8gCt4hfg5PKgM7xLEcgSBcx/UgC92OMnhMmvAnq11QzDFPrxUkNR/u5kn17WWLZ8beZ4A3Qrz4pZcmQ==}
    dev: false

  /@popperjs/core/2.11.8:
    resolution: {integrity: sha512-P1st0aksCrn9sGZhp8GMYwBnQsbvAWsZAX44oXNNvLHGqAOcoVxmjZiohstwQ7SqKnbR47akdNi+uleWD8+g6A==}
    dev: false

  /animate.css/4.1.1:
    resolution: {integrity: sha512-+mRmCTv6SbCmtYJCN4faJMNFVNN5EuCTTprDTAo7YzIGji2KADmakjVA3+8mVDkZ2Bf09vayB35lSQIex2+QaQ==}
    dev: false

  /big.js/6.2.1:
    resolution: {integrity: sha512-bCtHMwL9LeDIozFn+oNhhFoq+yQ3BNdnsLSASUxLciOb1vgvpHsIO1dsENiGMgbb4SkP5TrzWzRiLddn8ahVOQ==}
    dev: false

  /bootstrap/5.3.0_@popperjs+core@2.11.8:
    resolution: {integrity: sha512-UnBV3E3v4STVNQdms6jSGO2CvOkjUMdDAVR2V5N4uCMdaIkaQjbcEAMqRimDHIs4uqBYzDAKCQwCB+97tJgHQw==}
    peerDependencies:
      '@popperjs/core': ^2.11.7
    dependencies:
      '@popperjs/core': 2.11.8
    dev: false

  /jquery/3.7.0:
    resolution: {integrity: sha512-umpJ0/k8X0MvD1ds0P9SfowREz2LenHsQaxSohMZ5OMNEU2r0tf8pdeEFTHMFxWVxKNyU9rTtK3CWzUCTKJUeQ==}
    dev: false
